# This file was autogenerated by uv via the following command:
#    uv pip compile requirements.txt --python-version 3.11 --python-platform linux -o requirements.lock
anyascii==0.3.3
    # via -r requirements.txt
anyio==4.14.2
    # via httpx
beautifulsoup4==4.15.0
    # via
    #   -r requirements.txt
    #   markdownify
    #   markitdown
certifi==2026.6.17
    # via
    #   httpcore
    #   httpx
    #   requests
cffi==2.1.0
    # via cryptography
chardet==7.4.3
    # via -r requirements.txt
charset-normalizer==3.4.9
    # via
    #   markitdown
    #   pdfminer-six
    #   reportlab
    #   requests
click==8.4.2
    # via magika
contourpy==1.3.3
    # via matplotlib
cryptography==49.0.0
    # via pdfminer-six
cycler==0.12.1
    # via matplotlib
defusedxml==0.7.1
    # via
    #   -r requirements.txt
    #   markitdown
et-xmlfile==2.0.0
    # via openpyxl
flatbuffers==25.12.19
    # via onnxruntime
fonttools==4.63.0
    # via matplotlib
ftfy==6.3.1
    # via -r requirements.txt
h11==0.16.0
    # via httpcore
html5lib==1.1
    # via -r requirements.txt
httpcore==1.0.9
    # via httpx
httpx==0.28.1
    # via -r requirements.txt
idna==3.18
    # via
    #   anyio
    #   httpx
    #   requests
jinja2==3.1.6
    # via -r requirements.txt
joblib==1.5.3
    # via scikit-learn
kiwisolver==1.5.0
    # via matplotlib
lxml==6.1.1
    # via
    #   -r requirements.txt
    #   python-docx
    #   python-pptx
magika==0.6.3
    # via markitdown
markdownify==1.2.3
    # via
    #   -r requirements.txt
    #   markitdown
markitdown==0.1.6
    # via -r requirements.txt
markupsafe==3.0.3
    # via jinja2
matplotlib==3.11.0
    # via
    #   -r requirements.txt
    #   seaborn
narwhals==2.24.0
    # via
    #   plotly
    #   scikit-learn
numpy==2.4.6
    # via
    #   -r requirements.txt
    #   contourpy
    #   magika
    #   matplotlib
    #   onnxruntime
    #   pandas
    #   patsy
    #   scikit-learn
    #   scipy
    #   seaborn
    #   statsmodels
onnxruntime==1.27.0
    # via magika
openpyxl==3.1.5
    # via -r requirements.txt
orjson==3.11.9
    # via -r requirements.txt
packaging==26.2
    # via
    #   matplotlib
    #   onnxruntime
    #   plotly
    #   pytesseract
    #   statsmodels
pandas==3.0.3
    # via
    #   -r requirements.txt
    #   seaborn
    #   statsmodels
patsy==1.0.2
    # via statsmodels
pdf2image==1.17.0
    # via -r requirements.txt
pdfminer-six==20260107
    # via pdfplumber
pdfplumber==0.11.10
    # via -r requirements.txt
pillow==12.3.0
    # via
    #   -r requirements.txt
    #   matplotlib
    #   pdf2image
    #   pdfplumber
    #   pytesseract
    #   python-pptx
    #   reportlab
plotly==6.8.0
    # via -r requirements.txt
polars==1.42.1
    # via -r requirements.txt
polars-runtime-32==1.42.1
    # via polars
protobuf==7.35.1
    # via onnxruntime
pycparser==3.0
    # via cffi
pyparsing==3.3.2
    # via matplotlib
pypdf==6.14.2
    # via -r requirements.txt
pypdfium2==5.11.0
    # via
    #   -r requirements.txt
    #   pdfplumber
pytesseract==0.3.13
    # via -r requirements.txt
python-dateutil==2.9.0.post0
    # via
    #   -r requirements.txt
    #   matplotlib
    #   pandas
python-docx==1.2.0
    # via -r requirements.txt
python-dotenv==1.2.2
    # via magika
python-pptx==1.0.2
    # via
    #   -r requirements.txt
    #   markitdown
pytz==2026.2
    # via -r requirements.txt
pyyaml==6.0.3
    # via -r requirements.txt
regex==2026.6.28
    # via -r requirements.txt
reportlab==4.4.10
    # via -r requirements.txt
requests==2.34.2
    # via
    #   -r requirements.txt
    #   markitdown
scikit-learn==1.9.0
    # via -r requirements.txt
scipy==1.17.1
    # via
    #   -r requirements.txt
    #   scikit-learn
    #   statsmodels
seaborn==0.13.2
    # via -r requirements.txt
six==1.17.0
    # via
    #   html5lib
    #   markdownify
    #   python-dateutil
soupsieve==2.8.4
    # via beautifulsoup4
statsmodels==0.14.6
    # via -r requirements.txt
tabulate==0.10.0
    # via -r requirements.txt
threadpoolctl==3.6.0
    # via scikit-learn
toml==0.10.2
    # via -r requirements.txt
tqdm==4.68.3
    # via -r requirements.txt
typing-extensions==4.16.0
    # via
    #   anyio
    #   beautifulsoup4
    #   python-docx
    #   python-pptx
urllib3==2.7.0
    # via requests
wcwidth==0.8.2
    # via ftfy
webencodings==0.5.1
    # via html5lib
xlrd==2.0.2
    # via -r requirements.txt
xlsxwriter==3.2.9
    # via
    #   -r requirements.txt
    #   python-pptx
